
Microsoft Visual Studio Solution File, Format Version 12.00
# Visual Studio Version 16
VisualStudioVersion = 16.0.29926.136
MinimumVisualStudioVersion = 10.0.40219.1
Project("{FAE04EC0-301F-11D3-BF4B-00C04F79EFBC}") = "MyBookStore", "MyBookStore\MyBookStore.csproj", "{47DF6F75-D863-4C52-BEB6-7DF3B27D391F}"
EndProject
Global
	GlobalSection(SolutionConfigurationPlatforms) = preSolution
		Debug|Any CPU = Debug|Any CPU
		Release|Any CPU = Release|Any CPU
	EndGlobalSection
	GlobalSection(ProjectConfigurationPlatforms) = postSolution
		{47DF6F75-D863-4C52-BEB6-7DF3B27D391F}.Debug|Any CPU.ActiveCfg = Debug|Any CPU
		{47DF6F75-D863-4C52-BEB6-7DF3B27D391F}.Debug|Any CPU.Build.0 = Debug|Any CPU
		{47DF6F75-D863-4C52-BEB6-7DF3B27D391F}.Release|Any CPU.ActiveCfg = Release|Any CPU
		{47DF6F75-D863-4C52-BEB6-7DF3B27D391F}.Release|Any CPU.Build.0 = Release|Any CPU
	EndGlobalSection
	GlobalSection(SolutionProperties) = preSolution
		HideSolutionNode = FALSE
	EndGlobalSection
	GlobalSection(ExtensibilityGlobals) = postSolution
		SolutionGuid = {EA15A578-8253-4074-9F82-9BEDAB37612C}
	EndGlobalSection
EndGlobal
